
Microsoft Visual Studio Solution File, Format Version 12.00
# Visual Studio 2013
VisualStudioVersion = 12.0.30501.0
MinimumVisualStudioVersion = 10.0.40219.1
Project("{FAE04EC0-301F-11D3-BF4B-00C04F79EFBC}") = "ProgressDemo", "ProgressDemo\ProgressDemo.csproj", "{765D1D53-1882-4854-96F5-C24F6CC93255}"
EndProject
Project("{FAE04EC0-301F-11D3-BF4B-00C04F79EFBC}") = "WpfControls", "WpfControls\WpfControls.csproj", "{478E004B-399F-4528-B62A-71738B8D9588}"
EndProject
Project("{FAE04EC0-301F-11D3-BF4B-00C04F79EFBC}") = "CommonExtensions", "CommonExtensions\CommonExtensions.csproj", "{ED348914-A4BA-4FAC-802B-374F380D87BB}"
EndProject
Global
	GlobalSection(SolutionConfigurationPlatforms) = preSolution
		Debug|Any CPU = Debug|Any CPU
		Debug|Mixed Platforms = Debug|Mixed Platforms
		Debug|x86 = Debug|x86
		Release|Any CPU = Release|Any CPU
		Release|Mixed Platforms = Release|Mixed Platforms
		Release|x86 = Release|x86
	EndGlobalSection
	GlobalSection(ProjectConfigurationPlatforms) = postSolution
		{765D1D53-1882-4854-96F5-C24F6CC93255}.Debug|Any CPU.ActiveCfg = Debug|x86
		{765D1D53-1882-4854-96F5-C24F6CC93255}.Debug|Mixed Platforms.ActiveCfg = Debug|x86
		{765D1D53-1882-4854-96F5-C24F6CC93255}.Debug|Mixed Platforms.Build.0 = Debug|x86
		{765D1D53-1882-4854-96F5-C24F6CC93255}.Debug|x86.ActiveCfg = Debug|x86
		{765D1D53-1882-4854-96F5-C24F6CC93255}.Debug|x86.Build.0 = Debug|x86
		{765D1D53-1882-4854-96F5-C24F6CC93255}.Release|Any CPU.ActiveCfg = Release|x86
		{765D1D53-1882-4854-96F5-C24F6CC93255}.Release|Mixed Platforms.ActiveCfg = Release|x86
		{765D1D53-1882-4854-96F5-C24F6CC93255}.Release|Mixed Platforms.Build.0 = Release|x86
		{765D1D53-1882-4854-96F5-C24F6CC93255}.Release|x86.ActiveCfg = Release|x86
		{765D1D53-1882-4854-96F5-C24F6CC93255}.Release|x86.Build.0 = Release|x86
		{478E004B-399F-4528-B62A-71738B8D9588}.Debug|Any CPU.ActiveCfg = Debug|Any CPU
		{478E004B-399F-4528-B62A-71738B8D9588}.Debug|Any CPU.Build.0 = Debug|Any CPU
		{478E004B-399F-4528-B62A-71738B8D9588}.Debug|Mixed Platforms.ActiveCfg = Debug|Any CPU
		{478E004B-399F-4528-B62A-71738B8D9588}.Debug|Mixed Platforms.Build.0 = Debug|Any CPU
		{478E004B-399F-4528-B62A-71738B8D9588}.Debug|x86.ActiveCfg = Debug|Any CPU
		{478E004B-399F-4528-B62A-71738B8D9588}.Release|Any CPU.ActiveCfg = Release|Any CPU
		{478E004B-399F-4528-B62A-71738B8D9588}.Release|Any CPU.Build.0 = Release|Any CPU
		{478E004B-399F-4528-B62A-71738B8D9588}.Release|Mixed Platforms.ActiveCfg = Release|Any CPU
		{478E004B-399F-4528-B62A-71738B8D9588}.Release|Mixed Platforms.Build.0 = Release|Any CPU
		{478E004B-399F-4528-B62A-71738B8D9588}.Release|x86.ActiveCfg = Release|Any CPU
		{ED348914-A4BA-4FAC-802B-374F380D87BB}.Debug|Any CPU.ActiveCfg = Debug|Any CPU
		{ED348914-A4BA-4FAC-802B-374F380D87BB}.Debug|Any CPU.Build.0 = Debug|Any CPU
		{ED348914-A4BA-4FAC-802B-374F380D87BB}.Debug|Mixed Platforms.ActiveCfg = Debug|Any CPU
		{ED348914-A4BA-4FAC-802B-374F380D87BB}.Debug|Mixed Platforms.Build.0 = Debug|Any CPU
		{ED348914-A4BA-4FAC-802B-374F380D87BB}.Debug|x86.ActiveCfg = Debug|Any CPU
		{ED348914-A4BA-4FAC-802B-374F380D87BB}.Release|Any CPU.ActiveCfg = Release|Any CPU
		{ED348914-A4BA-4FAC-802B-374F380D87BB}.Release|Any CPU.Build.0 = Release|Any CPU
		{ED348914-A4BA-4FAC-802B-374F380D87BB}.Release|Mixed Platforms.ActiveCfg = Release|Any CPU
		{ED348914-A4BA-4FAC-802B-374F380D87BB}.Release|Mixed Platforms.Build.0 = Release|Any CPU
		{ED348914-A4BA-4FAC-802B-374F380D87BB}.Release|x86.ActiveCfg = Release|Any CPU
	EndGlobalSection
	GlobalSection(SolutionProperties) = preSolution
		HideSolutionNode = FALSE
	EndGlobalSection
EndGlobal
